// !$*UTF8*$!
{
	archiveVersion = 1;
	classes = {
	};
	objectVersion = 50;
	objects = {

/* Begin PBXBuildFile section */
		BBA8398F2101C7970064D8FD /* AppDelegate.swift in Sources */ = {isa = PBXBuildFile; fileRef = BBA8398E2101C7970064D8FD /* AppDelegate.swift */; };
		BBA839912101C7970064D8FD /* FeedVC.swift in Sources */ = {isa = PBXBuildFile; fileRef = BBA839902101C7970064D8FD /* FeedVC.swift */; };
		BBA839932101C7970064D8FD /* UploadVC.swift in Sources */ = {isa = PBXBuildFile; fileRef = BBA839922101C7970064D8FD /* UploadVC.swift */; };
		BBA839962101C7970064D8FD /* Main.storyboard in Resources */ = {isa = PBXBuildFile; fileRef = BBA839942101C7970064D8FD /* Main.storyboard */; };
		BBA839982101C7990064D8FD /* Assets.xcassets in Resources */ = {isa = PBXBuildFile; fileRef = BBA839972101C7990064D8FD /* Assets.xcassets */; };
		BBA8399B2101C7990064D8FD /* LaunchScreen.storyboard in Resources */ = {isa = PBXBuildFile; fileRef = BBA839992101C7990064D8FD /* LaunchScreen.storyboard */; };
		BBA839A32101CCC30064D8FD /* SignInVC.swift in Sources */ = {isa = PBXBuildFile; fileRef = BBA839A22101CCC30064D8FD /* SignInVC.swift */; };
		BBA839A5210225B30064D8FD /* GoogleService-Info.plist in Resources */ = {isa = PBXBuildFile; fileRef = BBA839A4210225B20064D8FD /* GoogleService-Info.plist */; };
/* End PBXBuildFile section */

/* Begin PBXFileReference section */
		BBA8398B2101C7970064D8FD /* Firebase Instagram Clone.app */ = {isa = PBXFileReference; explicitFileType = wrapper.application; includeInIndex = 0; path = "Firebase Instagram Clone.app"; sourceTree = BUILT_PRODUCTS_DIR; };
		BBA8398E2101C7970064D8FD /* AppDelegate.swift */ = {isa = PBXFileReference; lastKnownFileType = sourcecode.swift; path = AppDelegate.swift; sourceTree = "<group>"; };
		BBA839902101C7970064D8FD /* FeedVC.swift */ = {isa = PBXFileReference; lastKnownFileType = sourcecode.swift; path = FeedVC.swift; sourceTree = "<group>"; };
		BBA839922101C7970064D8FD /* UploadVC.swift */ = {isa = PBXFileReference; lastKnownFileType = sourcecode.swift; path = UploadVC.swift; sourceTree = "<group>"; };
		BBA839952101C7970064D8FD /* Base */ = {isa = PBXFileReference; lastKnownFileType = file.storyboard; name = Base; path = Base.lproj/Main.storyboard; sourceTree = "<group>"; };
		BBA839972101C7990064D8FD /* Assets.xcassets */ = {isa = PBXFileReference; lastKnownFileType = folder.assetcatalog; path = Assets.xcassets; sourceTree = "<group>"; };
		BBA8399A2101C7990064D8FD /* Base */ = {isa = PBXFileReference; lastKnownFileType = file.storyboard; name = Base; path = Base.lproj/LaunchScreen.storyboard; sourceTree = "<group>"; };
		BBA8399C2101C7990064D8FD /* Info.plist */ = {isa = PBXFileReference; lastKnownFileType = text.plist.xml; path = Info.plist; sourceTree = "<group>"; };
		BBA839A22101CCC30064D8FD /* SignInVC.swift */ = {isa = PBXFileReference; lastKnownFileType = sourcecode.swift; path = SignInVC.swift; sourceTree = "<group>"; };
		BBA839A4210225B20064D8FD /* GoogleService-Info.plist */ = {isa = PBXFileReference; fileEncoding = 4; lastKnownFileType = text.plist.xml; path = "GoogleService-Info.plist"; sourceTree = "<group>"; };
/* End PBXFileReference section */

/* Begin PBXFrameworksBuildPhase section */
		BBA839882101C7970064D8FD /* Frameworks */ = {
			isa = PBXFrameworksBuildPhase;
			buildActionMask = 2147483647;
			files = (
			);
			runOnlyForDeploymentPostprocessing = 0;
		};
/* End PBXFrameworksBuildPhase section */

/* Begin PBXGroup section */
		BBA839822101C7960064D8FD = {
			isa = PBXGroup;
			children = (
				BBA8398D2101C7970064D8FD /* Firebase Instagram Clone */,
				BBA8398C2101C7970064D8FD /* Products */,
			);
			sourceTree = "<group>";
		};
		BBA8398C2101C7970064D8FD /* Products */ = {
			isa = PBXGroup;
			children = (
				BBA8398B2101C7970064D8FD /* Firebase Instagram Clone.app */,
			);
			name = Products;
			sourceTree = "<group>";
		};
		BBA8398D2101C7970064D8FD /* Firebase Instagram Clone */ = {
			isa = PBXGroup;
			children = (
				BBA8398E2101C7970064D8FD /* AppDelegate.swift */,
				BBA839902101C7970064D8FD /* FeedVC.swift */,
				BBA839922101C7970064D8FD /* UploadVC.swift */,
				BBA839942101C7970064D8FD /* Main.storyboard */,
				BBA839972101C7990064D8FD /* Assets.xcassets */,
				BBA839992101C7990064D8FD /* LaunchScreen.storyboard */,
				BBA8399C2101C7990064D8FD /* Info.plist */,
				BBA839A4210225B20064D8FD /* GoogleService-Info.plist */,
				BBA839A22101CCC30064D8FD /* SignInVC.swift */,
			);
			path = "Firebase Instagram Clone";
			sourceTree = "<group>";
		};
/* End PBXGroup section */

/* Begin PBXNativeTarget section */
		BBA8398A2101C7970064D8FD /* Firebase Instagram Clone */ = {
			isa = PBXNativeTarget;
			buildConfigurationList = BBA8399F2101C7990064D8FD /* Build configuration list for PBXNativeTarget "Firebase Instagram Clone" */;
			buildPhases = (
				BBA839872101C7970064D8FD /* Sources */,
				BBA839882101C7970064D8FD /* Frameworks */,
				BBA839892101C7970064D8FD /* Resources */,
			);
			buildRules = (
			);
			dependencies = (
			);
			name = "Firebase Instagram Clone";
			productName = "Firebase Instagram Clone";
			productReference = BBA8398B2101C7970064D8FD /* Firebase Instagram Clone.app */;
			productType = "com.apple.product-type.application";
		};
/* End PBXNativeTarget section */

/* Begin PBXProject section */
		BBA839832101C7960064D8FD /* Project object */ = {
			isa = PBXProject;
			attributes = {
				LastSwiftUpdateCheck = 0940;
				LastUpgradeCheck = 0940;
				ORGANIZATIONNAME = "Liberty App Team";
				TargetAttributes = {
					BBA8398A2101C7970064D8FD = {
						CreatedOnToolsVersion = 9.4.1;
					};
				};
			};
			buildConfigurationList = BBA839862101C7960064D8FD /* Build configuration list for PBXProject "Firebase Instagram Clone" */;
			compatibilityVersion = "Xcode 9.3";
			developmentRegion = en;
			hasScannedForEncodings = 0;
			knownRegions = (
				en,
				Base,
			);
			mainGroup = BBA839822101C7960064D8FD;
			productRefGroup = BBA8398C2101C7970064D8FD /* Products */;
			projectDirPath = "";
			projectRoot = "";
			targets = (
				BBA8398A2101C7970064D8FD /* Firebase Instagram Clone */,
			);
		};
/* End PBXProject section */

/* Begin PBXResourcesBuildPhase section */
		BBA839892101C7970064D8FD /* Resources */ = {
			isa = PBXResourcesBuildPhase;
			buildActionMask = 2147483647;
			files = (
				BBA8399B2101C7990064D8FD /* LaunchScreen.storyboard in Resources */,
				BBA839A5210225B30064D8FD /* GoogleService-Info.plist in Resources */,
				BBA839982101C7990064D8FD /* Assets.xcassets in Resources */,
				BBA839962101C7970064D8FD /* Main.storyboard in Resources */,
			);
			runOnlyForDeploymentPostprocessing = 0;
		};
/* End PBXResourcesBuildPhase section */

/* Begin PBXSourcesBuildPhase section */
		BBA839872101C7970064D8FD /* Sources */ = {
			isa = PBXSourcesBuildPhase;
			buildActionMask = 2147483647;
			files = (
				BBA839932101C7970064D8FD /* UploadVC.swift in Sources */,
				BBA8398F2101C7970064D8FD /* AppDelegate.swift in Sources */,
				BBA839A32101CCC30064D8FD /* SignInVC.swift in Sources */,
				BBA839912101C7970064D8FD /* FeedVC.swift in Sources */,
			);
			runOnlyForDeploymentPostprocessing = 0;
		};
/* End PBXSourcesBuildPhase section */

/* Begin PBXVariantGroup section */
		BBA839942101C7970064D8FD /* Main.storyboard */ = {
			isa = PBXVariantGroup;
			children = (
				BBA839952101C7970064D8FD /* Base */,
			);
			name = Main.storyboard;
			sourceTree = "<group>";
		};
		BBA839992101C7990064D8FD /* LaunchScreen.storyboard */ = {
			isa = PBXVariantGroup;
			children = (
				BBA8399A2101C7990064D8FD /* Base */,
			);
			name = LaunchScreen.storyboard;
			sourceTree = "<group>";
		};
/* End PBXVariantGroup section */

/* Begin XCBuildConfiguration section */
		BBA8399D2101C7990064D8FD /* Debug */ = {
			isa = XCBuildConfiguration;
			buildSettings = {
				ALWAYS_SEARCH_USER_PATHS = NO;
				CLANG_ANALYZER_NONNULL = YES;
				CLANG_ANALYZER_NUMBER_OBJECT_CONVERSION = YES_AGGRESSIVE;
				CLANG_CXX_LANGUAGE_STANDARD = "gnu++14";
				CLANG_CXX_LIBRARY = "libc++";
				CLANG_ENABLE_MODULES = YES;
				CLANG_ENABLE_OBJC_ARC = YES;
				CLANG_ENABLE_OBJC_WEAK = YES;
				CLANG_WARN_BLOCK_CAPTURE_AUTORELEASING = YES;
				CLANG_WARN_BOOL_CONVERSION = YES;
				CLANG_WARN_COMMA = YES;
				CLANG_WARN_CONSTANT_CONVERSION = YES;
				CLANG_WARN_DEPRECATED_OBJC_IMPLEMENTATIONS = YES;
				CLANG_WARN_DIRECT_OBJC_ISA_USAGE = YES_ERROR;
				CLANG_WARN_DOCUMENTATION_COMMENTS = YES;
				CLANG_WARN_EMPTY_BODY = YES;
				CLANG_WARN_ENUM_CONVERSION = YES;
				CLANG_WARN_INFINITE_RECURSION = YES;
				CLANG_WARN_INT_CONVERSION = YES;
				CLANG_WARN_NON_LITERAL_NULL_CONVERSION = YES;
				CLANG_WARN_OBJC_IMPLICIT_RETAIN_SELF = YES;
				CLANG_WARN_OBJC_LITERAL_CONVERSION = YES;
				CLANG_WARN_OBJC_ROOT_CLASS = YES_ERROR;
				CLANG_WARN_RANGE_LOOP_ANALYSIS = YES;
				CLANG_WARN_STRICT_PROTOTYPES = YES;
				CLANG_WARN_SUSPICIOUS_MOVE = YES;
				CLANG_WARN_UNGUARDED_AVAILABILITY = YES_AGGRESSIVE;
				CLANG_WARN_UNREACHABLE_CODE = YES;
				CLANG_WARN__DUPLICATE_METHOD_MATCH = YES;
				CODE_SIGN_IDENTITY = "iPhone Developer";
				COPY_PHASE_STRIP = NO;
				DEBUG_INFORMATION_FORMAT = dwarf;
				ENABLE_STRICT_OBJC_MSGSEND = YES;
				ENABLE_TESTABILITY = YES;
				GCC_C_LANGUAGE_STANDARD = gnu11;
				GCC_DYNAMIC_NO_PIC = NO;
				GCC_NO_COMMON_BLOCKS = YES;
				GCC_OPTIMIZATION_LEVEL = 0;
				GCC_PREPROCESSOR_DEFINITIONS = (
					"DEBUG=1",
					"$(inherited)",
				);
				GCC_WARN_64_TO_32_BIT_CONVERSION = YES;
				GCC_WARN_ABOUT_RETURN_TYPE = YES_ERROR;
				GCC_WARN_UNDECLARED_SELECTOR = YES;
				GCC_WARN_UNINITIALIZED_AUTOS = YES_AGGRESSIVE;
				GCC_WARN_UNUSED_FUNCTION = YES;
				GCC_WARN_UNUSED_VARIABLE = YES;
				IPHONEOS_DEPLOYMENT_TARGET = 11.4;
				MTL_ENABLE_DEBUG_INFO = YES;
				ONLY_ACTIVE_ARCH = YES;
				SDKROOT = iphoneos;
				SWIFT_ACTIVE_COMPILATION_CONDITIONS = DEBUG;
				SWIFT_OPTIMIZATION_LEVEL = "-Onone";
			};
			name = Debug;
		};
		BBA8399E2101C7990064D8FD /* Release */ = {
			isa = XCBuildConfiguration;
			buildSettings = {
				ALWAYS_SEARCH_USER_PATHS = NO;
				CLANG_ANALYZER_NONNULL = YES;
				CLANG_ANALYZER_NUMBER_OBJECT_CONVERSION = YES_AGGRESSIVE;
				CLANG_CXX_LANGUAGE_STANDARD = "gnu++14";
				CLANG_CXX_LIBRARY = "libc++";
				CLANG_ENABLE_MODULES = YES;
				CLANG_ENABLE_OBJC_ARC = YES;
				CLANG_ENABLE_OBJC_WEAK = YES;
				CLANG_WARN_BLOCK_CAPTURE_AUTORELEASING = YES;
				CLANG_WARN_BOOL_CONVERSION = YES;
				CLANG_WARN_COMMA = YES;
				CLANG_WARN_CONSTANT_CONVERSION = YES;
				CLANG_WARN_DEPRECATED_OBJC_IMPLEMENTATIONS = YES;
				CLANG_WARN_DIRECT_OBJC_ISA_USAGE = YES_ERROR;
				CLANG_WARN_DOCUMENTATION_COMMENTS = YES;
				CLANG_WARN_EMPTY_BODY = YES;
				CLANG_WARN_ENUM_CONVERSION = YES;
				CLANG_WARN_INFINITE_RECURSION = YES;
				CLANG_WARN_INT_CONVERSION = YES;
				CLANG_WARN_NON_LITERAL_NULL_CONVERSION = YES;
				CLANG_WARN_OBJC_IMPLICIT_RETAIN_SELF = YES;
				CLANG_WARN_OBJC_LITERAL_CONVERSION = YES;
				CLANG_WARN_OBJC_ROOT_CLASS = YES_ERROR;
				CLANG_WARN_RANGE_LOOP_ANALYSIS = YES;
				CLANG_WARN_STRICT_PROTOTYPES = YES;
				CLANG_WARN_SUSPICIOUS_MOVE = YES;
				CLANG_WARN_UNGUARDED_AVAILABILITY = YES_AGGRESSIVE;
				CLANG_WARN_UNREACHABLE_CODE = YES;
				CLANG_WARN__DUPLICATE_METHOD_MATCH = YES;
				CODE_SIGN_IDENTITY = "iPhone Developer";
				COPY_PHASE_STRIP = NO;
				DEBUG_INFORMATION_FORMAT = "dwarf-with-dsym";
				ENABLE_NS_ASSERTIONS = NO;
				ENABLE_STRICT_OBJC_MSGSEND = YES;
				GCC_C_LANGUAGE_STANDARD = gnu11;
				GCC_NO_COMMON_BLOCKS = YES;
				GCC_WARN_64_TO_32_BIT_CONVERSION = YES;
				GCC_WARN_ABOUT_RETURN_TYPE = YES_ERROR;
				GCC_WARN_UNDECLARED_SELECTOR = YES;
				GCC_WARN_UNINITIALIZED_AUTOS = YES_AGGRESSIVE;
				GCC_WARN_UNUSED_FUNCTION = YES;
				GCC_WARN_UNUSED_VARIABLE = YES;
				IPHONEOS_DEPLOYMENT_TARGET = 11.4;
				MTL_ENABLE_DEBUG_INFO = NO;
				SDKROOT = iphoneos;
				SWIFT_COMPILATION_MODE = wholemodule;
				SWIFT_OPTIMIZATION_LEVEL = "-O";
				VALIDATE_PRODUCT = YES;
			};
			name = Release;
		};
		BBA839A02101C7990064D8FD /* Debug */ = {
			isa = XCBuildConfiguration;
			buildSettings = {
				ASSETCATALOG_COMPILER_APPICON_NAME = AppIcon;
				CODE_SIGN_STYLE = Automatic;
				DEVELOPMENT_TEAM = 9UX8GMHL2U;
				INFOPLIST_FILE = "Firebase Instagram Clone/Info.plist";
				LD_RUNPATH_SEARCH_PATHS = (
					"$(inherited)",
					"@executable_path/Frameworks",
				);
				PRODUCT_BUNDLE_IDENTIFIER = "com.libertybilisim.Firebase-Instagram-Clone";
				PRODUCT_NAME = "$(TARGET_NAME)";
				SWIFT_VERSION = 4.0;
				TARGETED_DEVICE_FAMILY = "1,2";
			};
			name = Debug;
		};
		BBA839A12101C7990064D8FD /* Release */ = {
			isa = XCBuildConfiguration;
			buildSettings = {
				ASSETCATALOG_COMPILER_APPICON_NAME = AppIcon;
				CODE_SIGN_STYLE = Automatic;
				DEVELOPMENT_TEAM = 9UX8GMHL2U;
				INFOPLIST_FILE = "Firebase Instagram Clone/Info.plist";
				LD_RUNPATH_SEARCH_PATHS = (
					"$(inherited)",
					"@executable_path/Frameworks",
				);
				PRODUCT_BUNDLE_IDENTIFIER = "com.libertybilisim.Firebase-Instagram-Clone";
				PRODUCT_NAME = "$(TARGET_NAME)";
				SWIFT_VERSION = 4.0;
				TARGETED_DEVICE_FAMILY = "1,2";
			};
			name = Release;
		};
/* End XCBuildConfiguration section */

/* Begin XCConfigurationList section */
		BBA839862101C7960064D8FD /* Build configuration list for PBXProject "Firebase Instagram Clone" */ = {
			isa = XCConfigurationList;
			buildConfigurations = (
				BBA8399D2101C7990064D8FD /* Debug */,
				BBA8399E2101C7990064D8FD /* Release */,
			);
			defaultConfigurationIsVisible = 0;
			defaultConfigurationName = Release;
		};
		BBA8399F2101C7990064D8FD /* Build configuration list for PBXNativeTarget "Firebase Instagram Clone" */ = {
			isa = XCConfigurationList;
			buildConfigurations = (
				BBA839A02101C7990064D8FD /* Debug */,
				BBA839A12101C7990064D8FD /* Release */,
			);
			defaultConfigurationIsVisible = 0;
			defaultConfigurationName = Release;
		};
/* End XCConfigurationList section */
	};
	rootObject = BBA839832101C7960064D8FD /* Project object */;
}
